{
  "requires": true,
  "lockfileVersion": 1,
  "dependencies": {
    "simple-keyboard": {
      "version": "2.27.18",
      "resolved": "https://registry.npmjs.org/simple-keyboard/-/simple-keyboard-2.27.18.tgz",
      "integrity": "sha512-rNOfv6mdsVML0iO4U4ETObFaAQ4rfSDlEQjsesTeg6VyeK76fJfOf8ImZbF7Ryn9zZcP0UPIV1g9PzVA9NzSjg=="
    }
  }
}
